
Microsoft Visual Studio Solution File, Format Version 12.00
Project("{FAE04EC0-301F-11D3-BF4B-00C04F79EFBC}") = "Skywalker.Website", "src\Skywalker.Website\Skywalker.Website.csproj", "{7DCE46F1-8B05-4C44-924E-F64B9F78F1B8}"
EndProject
Project("{2150E333-8FDC-42A3-9474-1A3956D46DE8}") = "src", "src", "{DFE8F5FF-C5B9-46FE-B610-2EF054346054}"
EndProject
Project("{2150E333-8FDC-42A3-9474-1A3956D46DE8}") = "solution", "solution", "{01A4F6EA-AE2E-4E6E-A0EE-FCD6BA5D783E}"
ProjectSection(SolutionItems) = preProject
	LICENSE = LICENSE
	NuGet.config = NuGet.config
	README.md = README.md
EndProjectSection
EndProject
Project("{FAE04EC0-301F-11D3-BF4B-00C04F79EFBC}") = "TheMediumTheme", "src\Themes\TheMediumTheme\TheMediumTheme.csproj", "{51D54DCC-20C5-4AE6-AE66-84CCA8489984}"
EndProject
Project("{2150E333-8FDC-42A3-9474-1A3956D46DE8}") = "Themes", "Themes", "{3A44E5B1-69F3-48F9-B47B-28CDD99BEAB1}"
EndProject
Project("{2150E333-8FDC-42A3-9474-1A3956D46DE8}") = "Modules", "Modules", "{0A5F0129-FC30-4C2E-AF59-7CB68214E6CC}"
EndProject
Project("{FAE04EC0-301F-11D3-BF4B-00C04F79EFBC}") = "Skywalker.OrchardCore.ContentExtensions", "src\Modules\Skywalker.OrchardCore.ContentExtensions\Skywalker.OrchardCore.ContentExtensions.csproj", "{6A1EDAA4-EBA6-4456-BAD9-FA52E89C142A}"
EndProject
Project("{FAE04EC0-301F-11D3-BF4B-00C04F79EFBC}") = "Skywalker.OrchardCore.Gravatar", "src\Modules\Skywalker.OrchardCore.Gravatar\Skywalker.OrchardCore.Gravatar.csproj", "{F20122C6-EE8B-412E-AC7B-1929127E8935}"
EndProject
Project("{2150E333-8FDC-42A3-9474-1A3956D46DE8}") = "build", "build", "{31AD19F0-81D7-4BB1-965F-18FF2436632E}"
ProjectSection(SolutionItems) = preProject
	.github\workflows\deploy-website.yml = .github\workflows\deploy-website.yml
	Dockerfile = Dockerfile
EndProjectSection
EndProject
Global
	GlobalSection(SolutionConfigurationPlatforms) = preSolution
		Debug|Any CPU = Debug|Any CPU
		Release|Any CPU = Release|Any CPU
	EndGlobalSection
	GlobalSection(ProjectConfigurationPlatforms) = postSolution
		{7DCE46F1-8B05-4C44-924E-F64B9F78F1B8}.Debug|Any CPU.ActiveCfg = Debug|Any CPU
		{7DCE46F1-8B05-4C44-924E-F64B9F78F1B8}.Debug|Any CPU.Build.0 = Debug|Any CPU
		{7DCE46F1-8B05-4C44-924E-F64B9F78F1B8}.Release|Any CPU.ActiveCfg = Release|Any CPU
		{7DCE46F1-8B05-4C44-924E-F64B9F78F1B8}.Release|Any CPU.Build.0 = Release|Any CPU
		{51D54DCC-20C5-4AE6-AE66-84CCA8489984}.Debug|Any CPU.ActiveCfg = Debug|Any CPU
		{51D54DCC-20C5-4AE6-AE66-84CCA8489984}.Debug|Any CPU.Build.0 = Debug|Any CPU
		{51D54DCC-20C5-4AE6-AE66-84CCA8489984}.Release|Any CPU.ActiveCfg = Release|Any CPU
		{51D54DCC-20C5-4AE6-AE66-84CCA8489984}.Release|Any CPU.Build.0 = Release|Any CPU
		{6A1EDAA4-EBA6-4456-BAD9-FA52E89C142A}.Debug|Any CPU.ActiveCfg = Debug|Any CPU
		{6A1EDAA4-EBA6-4456-BAD9-FA52E89C142A}.Debug|Any CPU.Build.0 = Debug|Any CPU
		{6A1EDAA4-EBA6-4456-BAD9-FA52E89C142A}.Release|Any CPU.ActiveCfg = Release|Any CPU
		{6A1EDAA4-EBA6-4456-BAD9-FA52E89C142A}.Release|Any CPU.Build.0 = Release|Any CPU
		{F20122C6-EE8B-412E-AC7B-1929127E8935}.Debug|Any CPU.ActiveCfg = Debug|Any CPU
		{F20122C6-EE8B-412E-AC7B-1929127E8935}.Debug|Any CPU.Build.0 = Debug|Any CPU
		{F20122C6-EE8B-412E-AC7B-1929127E8935}.Release|Any CPU.ActiveCfg = Release|Any CPU
		{F20122C6-EE8B-412E-AC7B-1929127E8935}.Release|Any CPU.Build.0 = Release|Any CPU
	EndGlobalSection
	GlobalSection(NestedProjects) = preSolution
		{7DCE46F1-8B05-4C44-924E-F64B9F78F1B8} = {DFE8F5FF-C5B9-46FE-B610-2EF054346054}
		{3A44E5B1-69F3-48F9-B47B-28CDD99BEAB1} = {DFE8F5FF-C5B9-46FE-B610-2EF054346054}
		{51D54DCC-20C5-4AE6-AE66-84CCA8489984} = {3A44E5B1-69F3-48F9-B47B-28CDD99BEAB1}
		{0A5F0129-FC30-4C2E-AF59-7CB68214E6CC} = {DFE8F5FF-C5B9-46FE-B610-2EF054346054}
		{6A1EDAA4-EBA6-4456-BAD9-FA52E89C142A} = {0A5F0129-FC30-4C2E-AF59-7CB68214E6CC}
		{F20122C6-EE8B-412E-AC7B-1929127E8935} = {0A5F0129-FC30-4C2E-AF59-7CB68214E6CC}
	EndGlobalSection
EndGlobal
